Microsoft Visual Studio Solution File, Format Version 11.00
# Visual Studio 2010
Project("{2150E333-8FDC-42A3-9474-1A3956D46DE8}") = "Solution Items", "Solution Items", "{B891171C-39BA-41B8-B167-32A5BA841B98}"
	ProjectSection(SolutionItems) = preProject
		..\..\ChangeLog_PTRobot.txt = ..\..\ChangeLog_PTRobot.txt
	EndProjectSection
EndProject
Project("{FAE04EC0-301F-11D3-BF4B-00C04F79EFBC}") = "MPTRobot", "PTRobot\MPTRobot.csproj", "{9580C2D2-EDE5-4F48-A9BE-47DBE49A7B1A}"
EndProject
Global
	GlobalSection(SolutionConfigurationPlatforms) = preSolution
		Debug|Any CPU = Debug|Any CPU
		Debug|Mixed Platforms = Debug|Mixed Platforms
		Debug|Win32 = Debug|Win32
		Release|Any CPU = Release|Any CPU
		Release|Mixed Platforms = Release|Mixed Platforms
		Release|Win32 = Release|Win32
		UnicodeDEBUG|Any CPU = UnicodeDEBUG|Any CPU
		UnicodeDEBUG|Mixed Platforms = UnicodeDEBUG|Mixed Platforms
		UnicodeDEBUG|Win32 = UnicodeDEBUG|Win32
		UnicodeRELEASE|Any CPU = UnicodeRELEASE|Any CPU
		UnicodeRELEASE|Mixed Platforms = UnicodeRELEASE|Mixed Platforms
		UnicodeRELEASE|Win32 = UnicodeRELEASE|Win32
	EndGlobalSection
	GlobalSection(ProjectConfigurationPlatforms) = postSolution
		{9580C2D2-EDE5-4F48-A9BE-47DBE49A7B1A}.Debug|Any CPU.ActiveCfg = Debug|Any CPU
		{9580C2D2-EDE5-4F48-A9BE-47DBE49A7B1A}.Debug|Any CPU.Build.0 = Debug|Any CPU
		{9580C2D2-EDE5-4F48-A9BE-47DBE49A7B1A}.Debug|Mixed Platforms.ActiveCfg = Debug|Any CPU
		{9580C2D2-EDE5-4F48-A9BE-47DBE49A7B1A}.Debug|Mixed Platforms.Build.0 = Debug|Any CPU
		{9580C2D2-EDE5-4F48-A9BE-47DBE49A7B1A}.Debug|Win32.ActiveCfg = Debug|Any CPU
		{9580C2D2-EDE5-4F48-A9BE-47DBE49A7B1A}.Release|Any CPU.ActiveCfg = Release|Any CPU
		{9580C2D2-EDE5-4F48-A9BE-47DBE49A7B1A}.Release|Any CPU.Build.0 = Release|Any CPU
		{9580C2D2-EDE5-4F48-A9BE-47DBE49A7B1A}.Release|Mixed Platforms.ActiveCfg = Release|Any CPU
		{9580C2D2-EDE5-4F48-A9BE-47DBE49A7B1A}.Release|Mixed Platforms.Build.0 = Release|Any CPU
		{9580C2D2-EDE5-4F48-A9BE-47DBE49A7B1A}.Release|Win32.ActiveCfg = Release|Any CPU
		{9580C2D2-EDE5-4F48-A9BE-47DBE49A7B1A}.UnicodeDEBUG|Any CPU.ActiveCfg = Release|Any CPU
		{9580C2D2-EDE5-4F48-A9BE-47DBE49A7B1A}.UnicodeDEBUG|Any CPU.Build.0 = Release|Any CPU
		{9580C2D2-EDE5-4F48-A9BE-47DBE49A7B1A}.UnicodeDEBUG|Mixed Platforms.ActiveCfg = Release|Any CPU
		{9580C2D2-EDE5-4F48-A9BE-47DBE49A7B1A}.UnicodeDEBUG|Mixed Platforms.Build.0 = Release|Any CPU
		{9580C2D2-EDE5-4F48-A9BE-47DBE49A7B1A}.UnicodeDEBUG|Win32.ActiveCfg = Release|Any CPU
		{9580C2D2-EDE5-4F48-A9BE-47DBE49A7B1A}.UnicodeRELEASE|Any CPU.ActiveCfg = Release|Any CPU
		{9580C2D2-EDE5-4F48-A9BE-47DBE49A7B1A}.UnicodeRELEASE|Any CPU.Build.0 = Release|Any CPU
		{9580C2D2-EDE5-4F48-A9BE-47DBE49A7B1A}.UnicodeRELEASE|Mixed Platforms.ActiveCfg = Release|Any CPU
		{9580C2D2-EDE5-4F48-A9BE-47DBE49A7B1A}.UnicodeRELEASE|Mixed Platforms.Build.0 = Release|Any CPU
		{9580C2D2-EDE5-4F48-A9BE-47DBE49A7B1A}.UnicodeRELEASE|Win32.ActiveCfg = Release|Any CPU
	EndGlobalSection
	GlobalSection(SolutionProperties) = preSolution
		HideSolutionNode = FALSE
	EndGlobalSection
	GlobalSection(DPCodeReviewSolutionGUID) = preSolution
		DPCodeReviewSolutionGUID = {00000000-0000-0000-0000-000000000000}
	EndGlobalSection
EndGlobal
